
Microsoft Visual Studio Solution File, Format Version 12.00
# Visual Studio 15
VisualStudioVersion = 15.0.28307.779
MinimumVisualStudioVersion = 10.0.40219.1
Project("{FAE04EC0-301F-11D3-BF4B-00C04F79EFBC}") = "Validation", "Validation\Validation.csproj", "{0124F439-DBE7-4F19-A506-A12F2BAE016F}"
EndProject
Global
	GlobalSection(SolutionConfigurationPlatforms) = preSolution
		Debug|Any CPU = Debug|Any CPU
		Release|Any CPU = Release|Any CPU
	EndGlobalSection
	GlobalSection(ProjectConfigurationPlatforms) = postSolution
		{0124F439-DBE7-4F19-A506-A12F2BAE016F}.Debug|Any CPU.ActiveCfg = Debug|Any CPU
		{0124F439-DBE7-4F19-A506-A12F2BAE016F}.Debug|Any CPU.Build.0 = Debug|Any CPU
		{0124F439-DBE7-4F19-A506-A12F2BAE016F}.Release|Any CPU.ActiveCfg = Release|Any CPU
		{0124F439-DBE7-4F19-A506-A12F2BAE016F}.Release|Any CPU.Build.0 = Release|Any CPU
	EndGlobalSection
	GlobalSection(SolutionProperties) = preSolution
		HideSolutionNode = FALSE
	EndGlobalSection
	GlobalSection(ExtensibilityGlobals) = postSolution
		SolutionGuid = {32D1479B-7583-4E79-BA33-4B35274BA9BA}
	EndGlobalSection
EndGlobal
